
Microsoft Visual Studio Solution File, Format Version 12.00
# Visual Studio Version 16
VisualStudioVersion = 16.0.30523.141
MinimumVisualStudioVersion = 10.0.40219.1
Project("{FAE04EC0-301F-11D3-BF4B-00C04F79EFBC}") = "lab01", "lab01\lab01.csproj", "{8682FDCA-D966-47EF-B11D-C9852C090931}"
EndProject
Global
	GlobalSection(SolutionConfigurationPlatforms) = preSolution
		Debug|Any CPU = Debug|Any CPU
		Release|Any CPU = Release|Any CPU
	EndGlobalSection
	GlobalSection(ProjectConfigurationPlatforms) = postSolution
		{8682FDCA-D966-47EF-B11D-C9852C090931}.Debug|Any CPU.ActiveCfg = Debug|Any CPU
		{8682FDCA-D966-47EF-B11D-C9852C090931}.Debug|Any CPU.Build.0 = Debug|Any CPU
		{8682FDCA-D966-47EF-B11D-C9852C090931}.Release|Any CPU.ActiveCfg = Release|Any CPU
		{8682FDCA-D966-47EF-B11D-C9852C090931}.Release|Any CPU.Build.0 = Release|Any CPU
	EndGlobalSection
	GlobalSection(SolutionProperties) = preSolution
		HideSolutionNode = FALSE
	EndGlobalSection
	GlobalSection(ExtensibilityGlobals) = postSolution
		SolutionGuid = {48751970-E4F5-4594-BB75-73AC5B031523}
	EndGlobalSection
EndGlobal
